
Microsoft Visual Studio Solution File, Format Version 12.00
# Visual Studio Version 17
VisualStudioVersion = 17.0.31903.59
MinimumVisualStudioVersion = 10.0.40219.1
Project("{FAE04EC0-301F-11D3-BF4B-00C04F79EFBC}") = "Garage.Logic", "Garage.Logic\Garage.Logic.csproj", "{5203DA39-94C3-4146-86D8-C8CAE2870FF4}"
EndProject
Project("{FAE04EC0-301F-11D3-BF4B-00C04F79EFBC}") = "Garage.App", "Garage.App\Garage.App.csproj", "{7775670F-B8E3-4D49-815C-C65EDD403A57}"
EndProject
Project("{FAE04EC0-301F-11D3-BF4B-00C04F79EFBC}") = "ParkingSpot", "ParkingSpot\ParkingSpot.csproj", "{746A1F74-7D94-443D-8B95-D729427EBDCA}"
EndProject
Global
	GlobalSection(SolutionConfigurationPlatforms) = preSolution
		Debug|Any CPU = Debug|Any CPU
		Release|Any CPU = Release|Any CPU
	EndGlobalSection
	GlobalSection(SolutionProperties) = preSolution
		HideSolutionNode = FALSE
	EndGlobalSection
	GlobalSection(ProjectConfigurationPlatforms) = postSolution
		{5203DA39-94C3-4146-86D8-C8CAE2870FF4}.Debug|Any CPU.ActiveCfg = Debug|Any CPU
		{5203DA39-94C3-4146-86D8-C8CAE2870FF4}.Debug|Any CPU.Build.0 = Debug|Any CPU
		{5203DA39-94C3-4146-86D8-C8CAE2870FF4}.Release|Any CPU.ActiveCfg = Release|Any CPU
		{5203DA39-94C3-4146-86D8-C8CAE2870FF4}.Release|Any CPU.Build.0 = Release|Any CPU
		{7775670F-B8E3-4D49-815C-C65EDD403A57}.Debug|Any CPU.ActiveCfg = Debug|Any CPU
		{7775670F-B8E3-4D49-815C-C65EDD403A57}.Debug|Any CPU.Build.0 = Debug|Any CPU
		{7775670F-B8E3-4D49-815C-C65EDD403A57}.Release|Any CPU.ActiveCfg = Release|Any CPU
		{7775670F-B8E3-4D49-815C-C65EDD403A57}.Release|Any CPU.Build.0 = Release|Any CPU
		{746A1F74-7D94-443D-8B95-D729427EBDCA}.Debug|Any CPU.ActiveCfg = Debug|Any CPU
		{746A1F74-7D94-443D-8B95-D729427EBDCA}.Debug|Any CPU.Build.0 = Debug|Any CPU
		{746A1F74-7D94-443D-8B95-D729427EBDCA}.Release|Any CPU.ActiveCfg = Release|Any CPU
		{746A1F74-7D94-443D-8B95-D729427EBDCA}.Release|Any CPU.Build.0 = Release|Any CPU
	EndGlobalSection
EndGlobal
